// !$*UTF8*$!
{
	archiveVersion = 1;
	classes = {
	};
	objectVersion = 50;
	objects = {

/* Begin PBXBuildFile section */
		1AB2C5A825FF21DEC3509D64 /* Pods_checkinternet.framework in Frameworks */ = {isa = PBXBuildFile; fileRef = 64F558FF5BF2B7577F05F950 /* Pods_checkinternet.framework */; };
		65F6187D25380DF00069E5A1 /* AppDelegate.swift in Sources */ = {isa = PBXBuildFile; fileRef = 65F6187C25380DF00069E5A1 /* AppDelegate.swift */; };
		65F6187F25380DF00069E5A1 /* SceneDelegate.swift in Sources */ = {isa = PBXBuildFile; fileRef = 65F6187E25380DF00069E5A1 /* SceneDelegate.swift */; };
		65F6188125380DF00069E5A1 /* ViewController.swift in Sources */ = {isa = PBXBuildFile; fileRef = 65F6188025380DF00069E5A1 /* ViewController.swift */; };
		65F6188425380DF00069E5A1 /* Main.storyboard in Resources */ = {isa = PBXBuildFile; fileRef = 65F6188225380DF00069E5A1 /* Main.storyboard */; };
		65F6188625380DF30069E5A1 /* Assets.xcassets in Resources */ = {isa = PBXBuildFile; fileRef = 65F6188525380DF30069E5A1 /* Assets.xcassets */; };
		65F6188925380DF30069E5A1 /* LaunchScreen.storyboard in Resources */ = {isa = PBXBuildFile; fileRef = 65F6188725380DF30069E5A1 /* LaunchScreen.storyboard */; };
/* End PBXBuildFile section */

/* Begin PBXFileReference section */
		64F558FF5BF2B7577F05F950 /* Pods_checkinternet.framework */ = {isa = PBXFileReference; explicitFileType = wrapper.framework; includeInIndex = 0; path = Pods_checkinternet.framework; sourceTree = BUILT_PRODUCTS_DIR; };
		65F6187925380DF00069E5A1 /* checkinternet.app */ = {isa = PBXFileReference; explicitFileType = wrapper.application; includeInIndex = 0; path = checkinternet.app; sourceTree = BUILT_PRODUCTS_DIR; };
		65F6187C25380DF00069E5A1 /* AppDelegate.swift */ = {isa = PBXFileReference; lastKnownFileType = sourcecode.swift; path = AppDelegate.swift; sourceTree = "<group>"; };
		65F6187E25380DF00069E5A1 /* SceneDelegate.swift */ = {isa = PBXFileReference; lastKnownFileType = sourcecode.swift; path = SceneDelegate.swift; sourceTree = "<group>"; };
		65F6188025380DF00069E5A1 /* ViewController.swift */ = {isa = PBXFileReference; lastKnownFileType = sourcecode.swift; path = ViewController.swift; sourceTree = "<group>"; };
		65F6188325380DF00069E5A1 /* Base */ = {isa = PBXFileReference; lastKnownFileType = file.storyboard; name = Base; path = Base.lproj/Main.storyboard; sourceTree = "<group>"; };
		65F6188525380DF30069E5A1 /* Assets.xcassets */ = {isa = PBXFileReference; lastKnownFileType = folder.assetcatalog; path = Assets.xcassets; sourceTree = "<group>"; };
		65F6188825380DF30069E5A1 /* Base */ = {isa = PBXFileReference; lastKnownFileType = file.storyboard; name = Base; path = Base.lproj/LaunchScreen.storyboard; sourceTree = "<group>"; };
		65F6188A25380DF30069E5A1 /* Info.plist */ = {isa = PBXFileReference; lastKnownFileType = text.plist.xml; path = Info.plist; sourceTree = "<group>"; };
		785ECFEEE425048B188AA80F /* Pods-checkinternet.debug.xcconfig */ = {isa = PBXFileReference; includeInIndex = 1; lastKnownFileType = text.xcconfig; name = "Pods-checkinternet.debug.xcconfig"; path = "Target Support Files/Pods-checkinternet/Pods-checkinternet.debug.xcconfig"; sourceTree = "<group>"; };
		A4971314FCBECD9B135D07E8 /* Pods-checkinternet.release.xcconfig */ = {isa = PBXFileReference; includeInIndex = 1; lastKnownFileType = text.xcconfig; name = "Pods-checkinternet.release.xcconfig"; path = "Target Support Files/Pods-checkinternet/Pods-checkinternet.release.xcconfig"; sourceTree = "<group>"; };
/* End PBXFileReference section */

/* Begin PBXFrameworksBuildPhase section */
		65F6187625380DF00069E5A1 /* Frameworks */ = {
			isa = PBXFrameworksBuildPhase;
			buildActionMask = 2147483647;
			files = (
				1AB2C5A825FF21DEC3509D64 /* Pods_checkinternet.framework in Frameworks */,
			);
			runOnlyForDeploymentPostprocessing = 0;
		};
/* End PBXFrameworksBuildPhase section */

/* Begin PBXGroup section */
		65F6187025380DF00069E5A1 = {
			isa = PBXGroup;
			children = (
				65F6187B25380DF00069E5A1 /* checkinternet */,
				65F6187A25380DF00069E5A1 /* Products */,
				79A7CBFB569C755062ADFD54 /* Pods */,
				BDEA8B5900DA945061BEDBE9 /* Frameworks */,
			);
			sourceTree = "<group>";
		};
		65F6187A25380DF00069E5A1 /* Products */ = {
			isa = PBXGroup;
			children = (
				65F6187925380DF00069E5A1 /* checkinternet.app */,
			);
			name = Products;
			sourceTree = "<group>";
		};
		65F6187B25380DF00069E5A1 /* checkinternet */ = {
			isa = PBXGroup;
			children = (
				65F6187C25380DF00069E5A1 /* AppDelegate.swift */,
				65F6187E25380DF00069E5A1 /* SceneDelegate.swift */,
				65F6188025380DF00069E5A1 /* ViewController.swift */,
				65F6188225380DF00069E5A1 /* Main.storyboard */,
				65F6188525380DF30069E5A1 /* Assets.xcassets */,
				65F6188725380DF30069E5A1 /* LaunchScreen.storyboard */,
				65F6188A25380DF30069E5A1 /* Info.plist */,
			);
			path = checkinternet;
			sourceTree = "<group>";
		};
		79A7CBFB569C755062ADFD54 /* Pods */ = {
			isa = PBXGroup;
			children = (
				785ECFEEE425048B188AA80F /* Pods-checkinternet.debug.xcconfig */,
				A4971314FCBECD9B135D07E8 /* Pods-checkinternet.release.xcconfig */,
			);
			name = Pods;
			path = Pods;
			sourceTree = "<group>";
		};
		BDEA8B5900DA945061BEDBE9 /* Frameworks */ = {
			isa = PBXGroup;
			children = (
				64F558FF5BF2B7577F05F950 /* Pods_checkinternet.framework */,
			);
			name = Frameworks;
			sourceTree = "<group>";
		};
/* End PBXGroup section */

/* Begin PBXNativeTarget section */
		65F6187825380DF00069E5A1 /* checkinternet */ = {
			isa = PBXNativeTarget;
			buildConfigurationList = 65F6188D25380DF30069E5A1 /* Build configuration list for PBXNativeTarget "checkinternet" */;
			buildPhases = (
				50FE54E261AA606F8601244D /* [CP] Check Pods Manifest.lock */,
				65F6187525380DF00069E5A1 /* Sources */,
				65F6187625380DF00069E5A1 /* Frameworks */,
				65F6187725380DF00069E5A1 /* Resources */,
				3D9B031508378C5639BD56AA /* [CP] Embed Pods Frameworks */,
			);
			buildRules = (
			);
			dependencies = (
			);
			name = checkinternet;
			productName = checkinternet;
			productReference = 65F6187925380DF00069E5A1 /* checkinternet.app */;
			productType = "com.apple.product-type.application";
		};
/* End PBXNativeTarget section */

/* Begin PBXProject section */
		65F6187125380DF00069E5A1 /* Project object */ = {
			isa = PBXProject;
			attributes = {
				LastSwiftUpdateCheck = 1200;
				LastUpgradeCheck = 1200;
				TargetAttributes = {
					65F6187825380DF00069E5A1 = {
						CreatedOnToolsVersion = 12.0.1;
					};
				};
			};
			buildConfigurationList = 65F6187425380DF00069E5A1 /* Build configuration list for PBXProject "checkinternet" */;
			compatibilityVersion = "Xcode 9.3";
			developmentRegion = en;
			hasScannedForEncodings = 0;
			knownRegions = (
				en,
				Base,
			);
			mainGroup = 65F6187025380DF00069E5A1;
			productRefGroup = 65F6187A25380DF00069E5A1 /* Products */;
			projectDirPath = "";
			projectRoot = "";
			targets = (
				65F6187825380DF00069E5A1 /* checkinternet */,
			);
		};
/* End PBXProject section */

/* Begin PBXResourcesBuildPhase section */
		65F6187725380DF00069E5A1 /* Resources */ = {
			isa = PBXResourcesBuildPhase;
			buildActionMask = 2147483647;
			files = (
				65F6188925380DF30069E5A1 /* LaunchScreen.storyboard in Resources */,
				65F6188625380DF30069E5A1 /* Assets.xcassets in Resources */,
				65F6188425380DF00069E5A1 /* Main.storyboard in Resources */,
			);
			runOnlyForDeploymentPostprocessing = 0;
		};
/* End PBXResourcesBuildPhase section */

/* Begin PBXShellScriptBuildPhase section */
		3D9B031508378C5639BD56AA /* [CP] Embed Pods Frameworks */ = {
			isa = PBXShellScriptBuildPhase;
			buildActionMask = 2147483647;
			files = (
			);
			inputFileListPaths = (
				"${PODS_ROOT}/Target Support Files/Pods-checkinternet/Pods-checkinternet-frameworks-${CONFIGURATION}-input-files.xcfilelist",
			);
			name = "[CP] Embed Pods Frameworks";
			outputFileListPaths = (
				"${PODS_ROOT}/Target Support Files/Pods-checkinternet/Pods-checkinternet-frameworks-${CONFIGURATION}-output-files.xcfilelist",
			);
			runOnlyForDeploymentPostprocessing = 0;
			shellPath = /bin/sh;
			shellScript = "\"${PODS_ROOT}/Target Support Files/Pods-checkinternet/Pods-checkinternet-frameworks.sh\"\n";
			showEnvVarsInLog = 0;
		};
		50FE54E261AA606F8601244D /* [CP] Check Pods Manifest.lock */ = {
			isa = PBXShellScriptBuildPhase;
			buildActionMask = 2147483647;
			files = (
			);
			inputFileListPaths = (
			);
			inputPaths = (
				"${PODS_PODFILE_DIR_PATH}/Podfile.lock",
				"${PODS_ROOT}/Manifest.lock",
			);
			name = "[CP] Check Pods Manifest.lock";
			outputFileListPaths = (
			);
			outputPaths = (
				"$(DERIVED_FILE_DIR)/Pods-checkinternet-checkManifestLockResult.txt",
			);
			runOnlyForDeploymentPostprocessing = 0;
			shellPath = /bin/sh;
			shellScript = "diff \"${PODS_PODFILE_DIR_PATH}/Podfile.lock\" \"${PODS_ROOT}/Manifest.lock\" > /dev/null\nif [ $? != 0 ] ; then\n    # print error to STDERR\n    echo \"error: The sandbox is not in sync with the Podfile.lock. Run 'pod install' or update your CocoaPods installation.\" >&2\n    exit 1\nfi\n# This output is used by Xcode 'outputs' to avoid re-running this script phase.\necho \"SUCCESS\" > \"${SCRIPT_OUTPUT_FILE_0}\"\n";
			showEnvVarsInLog = 0;
		};
/* End PBXShellScriptBuildPhase section */

/* Begin PBXSourcesBuildPhase section */
		65F6187525380DF00069E5A1 /* Sources */ = {
			isa = PBXSourcesBuildPhase;
			buildActionMask = 2147483647;
			files = (
				65F6188125380DF00069E5A1 /* ViewController.swift in Sources */,
				65F6187D25380DF00069E5A1 /* AppDelegate.swift in Sources */,
				65F6187F25380DF00069E5A1 /* SceneDelegate.swift in Sources */,
			);
			runOnlyForDeploymentPostprocessing = 0;
		};
/* End PBXSourcesBuildPhase section */

/* Begin PBXVariantGroup section */
		65F6188225380DF00069E5A1 /* Main.storyboard */ = {
			isa = PBXVariantGroup;
			children = (
				65F6188325380DF00069E5A1 /* Base */,
			);
			name = Main.storyboard;
			sourceTree = "<group>";
		};
		65F6188725380DF30069E5A1 /* LaunchScreen.storyboard */ = {
			isa = PBXVariantGroup;
			children = (
				65F6188825380DF30069E5A1 /* Base */,
			);
			name = LaunchScreen.storyboard;
			sourceTree = "<group>";
		};
/* End PBXVariantGroup section */

/* Begin XCBuildConfiguration section */
		65F6188B25380DF30069E5A1 /* Debug */ = {
			isa = XCBuildConfiguration;
			buildSettings = {
				ALWAYS_SEARCH_USER_PATHS = NO;
				CLANG_ANALYZER_NONNULL = YES;
				CLANG_ANALYZER_NUMBER_OBJECT_CONVERSION = YES_AGGRESSIVE;
				CLANG_CXX_LANGUAGE_STANDARD = "gnu++14";
				CLANG_CXX_LIBRARY = "libc++";
				CLANG_ENABLE_MODULES = YES;
				CLANG_ENABLE_OBJC_ARC = YES;
				CLANG_ENABLE_OBJC_WEAK = YES;
				CLANG_WARN_BLOCK_CAPTURE_AUTORELEASING = YES;
				CLANG_WARN_BOOL_CONVERSION = YES;
				CLANG_WARN_COMMA = YES;
				CLANG_WARN_CONSTANT_CONVERSION = YES;
				CLANG_WARN_DEPRECATED_OBJC_IMPLEMENTATIONS = YES;
				CLANG_WARN_DIRECT_OBJC_ISA_USAGE = YES_ERROR;
				CLANG_WARN_DOCUMENTATION_COMMENTS = YES;
				CLANG_WARN_EMPTY_BODY = YES;
				CLANG_WARN_ENUM_CONVERSION = YES;
				CLANG_WARN_INFINITE_RECURSION = YES;
				CLANG_WARN_INT_CONVERSION = YES;
				CLANG_WARN_NON_LITERAL_NULL_CONVERSION = YES;
				CLANG_WARN_OBJC_IMPLICIT_RETAIN_SELF = YES;
				CLANG_WARN_OBJC_LITERAL_CONVERSION = YES;
				CLANG_WARN_OBJC_ROOT_CLASS = YES_ERROR;
				CLANG_WARN_QUOTED_INCLUDE_IN_FRAMEWORK_HEADER = YES;
				CLANG_WARN_RANGE_LOOP_ANALYSIS = YES;
				CLANG_WARN_STRICT_PROTOTYPES = YES;
				CLANG_WARN_SUSPICIOUS_MOVE = YES;
				CLANG_WARN_UNGUARDED_AVAILABILITY = YES_AGGRESSIVE;
				CLANG_WARN_UNREACHABLE_CODE = YES;
				CLANG_WARN__DUPLICATE_METHOD_MATCH = YES;
				COPY_PHASE_STRIP = NO;
				DEBUG_INFORMATION_FORMAT = dwarf;
				ENABLE_STRICT_OBJC_MSGSEND = YES;
				ENABLE_TESTABILITY = YES;
				GCC_C_LANGUAGE_STANDARD = gnu11;
				GCC_DYNAMIC_NO_PIC = NO;
				GCC_NO_COMMON_BLOCKS = YES;
				GCC_OPTIMIZATION_LEVEL = 0;
				GCC_PREPROCESSOR_DEFINITIONS = (
					"DEBUG=1",
					"$(inherited)",
				);
				GCC_WARN_64_TO_32_BIT_CONVERSION = YES;
				GCC_WARN_ABOUT_RETURN_TYPE = YES_ERROR;
				GCC_WARN_UNDECLARED_SELECTOR = YES;
				GCC_WARN_UNINITIALIZED_AUTOS = YES_AGGRESSIVE;
				GCC_WARN_UNUSED_FUNCTION = YES;
				GCC_WARN_UNUSED_VARIABLE = YES;
				IPHONEOS_DEPLOYMENT_TARGET = 14.0;
				MTL_ENABLE_DEBUG_INFO = INCLUDE_SOURCE;
				MTL_FAST_MATH = YES;
				ONLY_ACTIVE_ARCH = YES;
				SDKROOT = iphoneos;
				SWIFT_ACTIVE_COMPILATION_CONDITIONS = DEBUG;
				SWIFT_OPTIMIZATION_LEVEL = "-Onone";
			};
			name = Debug;
		};
		65F6188C25380DF30069E5A1 /* Release */ = {
			isa = XCBuildConfiguration;
			buildSettings = {
				ALWAYS_SEARCH_USER_PATHS = NO;
				CLANG_ANALYZER_NONNULL = YES;
				CLANG_ANALYZER_NUMBER_OBJECT_CONVERSION = YES_AGGRESSIVE;
				CLANG_CXX_LANGUAGE_STANDARD = "gnu++14";
				CLANG_CXX_LIBRARY = "libc++";
				CLANG_ENABLE_MODULES = YES;
				CLANG_ENABLE_OBJC_ARC = YES;
				CLANG_ENABLE_OBJC_WEAK = YES;
				CLANG_WARN_BLOCK_CAPTURE_AUTORELEASING = YES;
				CLANG_WARN_BOOL_CONVERSION = YES;
				CLANG_WARN_COMMA = YES;
				CLANG_WARN_CONSTANT_CONVERSION = YES;
				CLANG_WARN_DEPRECATED_OBJC_IMPLEMENTATIONS = YES;
				CLANG_WARN_DIRECT_OBJC_ISA_USAGE = YES_ERROR;
				CLANG_WARN_DOCUMENTATION_COMMENTS = YES;
				CLANG_WARN_EMPTY_BODY = YES;
				CLANG_WARN_ENUM_CONVERSION = YES;
				CLANG_WARN_INFINITE_RECURSION = YES;
				CLANG_WARN_INT_CONVERSION = YES;
				CLANG_WARN_NON_LITERAL_NULL_CONVERSION = YES;
				CLANG_WARN_OBJC_IMPLICIT_RETAIN_SELF = YES;
				CLANG_WARN_OBJC_LITERAL_CONVERSION = YES;
				CLANG_WARN_OBJC_ROOT_CLASS = YES_ERROR;
				CLANG_WARN_QUOTED_INCLUDE_IN_FRAMEWORK_HEADER = YES;
				CLANG_WARN_RANGE_LOOP_ANALYSIS = YES;
				CLANG_WARN_STRICT_PROTOTYPES = YES;
				CLANG_WARN_SUSPICIOUS_MOVE = YES;
				CLANG_WARN_UNGUARDED_AVAILABILITY = YES_AGGRESSIVE;
				CLANG_WARN_UNREACHABLE_CODE = YES;
				CLANG_WARN__DUPLICATE_METHOD_MATCH = YES;
				COPY_PHASE_STRIP = NO;
				DEBUG_INFORMATION_FORMAT = "dwarf-with-dsym";
				ENABLE_NS_ASSERTIONS = NO;
				ENABLE_STRICT_OBJC_MSGSEND = YES;
				GCC_C_LANGUAGE_STANDARD = gnu11;
				GCC_NO_COMMON_BLOCKS = YES;
				GCC_WARN_64_TO_32_BIT_CONVERSION = YES;
				GCC_WARN_ABOUT_RETURN_TYPE = YES_ERROR;
				GCC_WARN_UNDECLARED_SELECTOR = YES;
				GCC_WARN_UNINITIALIZED_AUTOS = YES_AGGRESSIVE;
				GCC_WARN_UNUSED_FUNCTION = YES;
				GCC_WARN_UNUSED_VARIABLE = YES;
				IPHONEOS_DEPLOYMENT_TARGET = 14.0;
				MTL_ENABLE_DEBUG_INFO = NO;
				MTL_FAST_MATH = YES;
				SDKROOT = iphoneos;
				SWIFT_COMPILATION_MODE = wholemodule;
				SWIFT_OPTIMIZATION_LEVEL = "-O";
				VALIDATE_PRODUCT = YES;
			};
			name = Release;
		};
		65F6188E25380DF30069E5A1 /* Debug */ = {
			isa = XCBuildConfiguration;
			baseConfigurationReference = 785ECFEEE425048B188AA80F /* Pods-checkinternet.debug.xcconfig */;
			buildSettings = {
				ASSETCATALOG_COMPILER_APPICON_NAME = AppIcon;
				ASSETCATALOG_COMPILER_GLOBAL_ACCENT_COLOR_NAME = AccentColor;
				CODE_SIGN_STYLE = Automatic;
				DEVELOPMENT_TEAM = 9UVAYZ8Z2W;
				INFOPLIST_FILE = checkinternet/Info.plist;
				LD_RUNPATH_SEARCH_PATHS = (
					"$(inherited)",
					"@executable_path/Frameworks",
				);
				PRODUCT_BUNDLE_IDENTIFIER = com.andre.checkinternet;
				PRODUCT_NAME = "$(TARGET_NAME)";
				SWIFT_VERSION = 5.0;
				TARGETED_DEVICE_FAMILY = "1,2";
			};
			name = Debug;
		};
		65F6188F25380DF30069E5A1 /* Release */ = {
			isa = XCBuildConfiguration;
			baseConfigurationReference = A4971314FCBECD9B135D07E8 /* Pods-checkinternet.release.xcconfig */;
			buildSettings = {
				ASSETCATALOG_COMPILER_APPICON_NAME = AppIcon;
				ASSETCATALOG_COMPILER_GLOBAL_ACCENT_COLOR_NAME = AccentColor;
				CODE_SIGN_STYLE = Automatic;
				DEVELOPMENT_TEAM = 9UVAYZ8Z2W;
				INFOPLIST_FILE = checkinternet/Info.plist;
				LD_RUNPATH_SEARCH_PATHS = (
					"$(inherited)",
					"@executable_path/Frameworks",
				);
				PRODUCT_BUNDLE_IDENTIFIER = com.andre.checkinternet;
				PRODUCT_NAME = "$(TARGET_NAME)";
				SWIFT_VERSION = 5.0;
				TARGETED_DEVICE_FAMILY = "1,2";
			};
			name = Release;
		};
/* End XCBuildConfiguration section */

/* Begin XCConfigurationList section */
		65F6187425380DF00069E5A1 /* Build configuration list for PBXProject "checkinternet" */ = {
			isa = XCConfigurationList;
			buildConfigurations = (
				65F6188B25380DF30069E5A1 /* Debug */,
				65F6188C25380DF30069E5A1 /* Release */,
			);
			defaultConfigurationIsVisible = 0;
			defaultConfigurationName = Release;
		};
		65F6188D25380DF30069E5A1 /* Build configuration list for PBXNativeTarget "checkinternet" */ = {
			isa = XCConfigurationList;
			buildConfigurations = (
				65F6188E25380DF30069E5A1 /* Debug */,
				65F6188F25380DF30069E5A1 /* Release */,
			);
			defaultConfigurationIsVisible = 0;
			defaultConfigurationName = Release;
		};
/* End XCConfigurationList section */
	};
	rootObject = 65F6187125380DF00069E5A1 /* Project object */;
}
