// !$*UTF8*$!
{
	archiveVersion = 1;
	classes = {
	};
	objectVersion = 51;
	objects = {

/* Begin PBXBuildFile section */
		653F5AB42539984F0028E8BC /* UserGitHub.swift in Sources */ = {isa = PBXBuildFile; fileRef = 653F5AB32539984F0028E8BC /* UserGitHub.swift */; };
		6587F5B92535895200F9E6F1 /* AppDelegate.swift in Sources */ = {isa = PBXBuildFile; fileRef = 6587F5B82535895200F9E6F1 /* AppDelegate.swift */; };
		6587F5BB2535895200F9E6F1 /* SceneDelegate.swift in Sources */ = {isa = PBXBuildFile; fileRef = 6587F5BA2535895200F9E6F1 /* SceneDelegate.swift */; };
		6587F5BD2535895200F9E6F1 /* ViewController.swift in Sources */ = {isa = PBXBuildFile; fileRef = 6587F5BC2535895200F9E6F1 /* ViewController.swift */; };
		6587F5C02535895200F9E6F1 /* Main.storyboard in Resources */ = {isa = PBXBuildFile; fileRef = 6587F5BE2535895200F9E6F1 /* Main.storyboard */; };
		6587F5C22535895400F9E6F1 /* Assets.xcassets in Resources */ = {isa = PBXBuildFile; fileRef = 6587F5C12535895400F9E6F1 /* Assets.xcassets */; };
		6587F5C52535895400F9E6F1 /* LaunchScreen.storyboard in Resources */ = {isa = PBXBuildFile; fileRef = 6587F5C32535895400F9E6F1 /* LaunchScreen.storyboard */; };
		6587F5D125359FFE00F9E6F1 /* UserTableViewCell.swift in Sources */ = {isa = PBXBuildFile; fileRef = 6587F5D025359FFE00F9E6F1 /* UserTableViewCell.swift */; };
		6587F5D32535AC0D00F9E6F1 /* Pods_githubApi.framework in Frameworks */ = {isa = PBXBuildFile; fileRef = 961C593D937DFAD94C35B063 /* Pods_githubApi.framework */; };
		6587F5DA2535ACF300F9E6F1 /* UIImageView.swift in Sources */ = {isa = PBXBuildFile; fileRef = 6587F5D92535ACF300F9E6F1 /* UIImageView.swift */; };
/* End PBXBuildFile section */

/* Begin PBXFileReference section */
		653F5AB32539984F0028E8BC /* UserGitHub.swift */ = {isa = PBXFileReference; lastKnownFileType = sourcecode.swift; path = UserGitHub.swift; sourceTree = "<group>"; };
		6587F5B52535895200F9E6F1 /* githubApi.app */ = {isa = PBXFileReference; explicitFileType = wrapper.application; includeInIndex = 0; path = githubApi.app; sourceTree = BUILT_PRODUCTS_DIR; };
		6587F5B82535895200F9E6F1 /* AppDelegate.swift */ = {isa = PBXFileReference; lastKnownFileType = sourcecode.swift; path = AppDelegate.swift; sourceTree = "<group>"; };
		6587F5BA2535895200F9E6F1 /* SceneDelegate.swift */ = {isa = PBXFileReference; lastKnownFileType = sourcecode.swift; path = SceneDelegate.swift; sourceTree = "<group>"; };
		6587F5BC2535895200F9E6F1 /* ViewController.swift */ = {isa = PBXFileReference; lastKnownFileType = sourcecode.swift; path = ViewController.swift; sourceTree = "<group>"; };
		6587F5BF2535895200F9E6F1 /* Base */ = {isa = PBXFileReference; lastKnownFileType = file.storyboard; name = Base; path = Base.lproj/Main.storyboard; sourceTree = "<group>"; };
		6587F5C12535895400F9E6F1 /* Assets.xcassets */ = {isa = PBXFileReference; lastKnownFileType = folder.assetcatalog; path = Assets.xcassets; sourceTree = "<group>"; };
		6587F5C42535895400F9E6F1 /* Base */ = {isa = PBXFileReference; lastKnownFileType = file.storyboard; name = Base; path = Base.lproj/LaunchScreen.storyboard; sourceTree = "<group>"; };
		6587F5C62535895400F9E6F1 /* Info.plist */ = {isa = PBXFileReference; lastKnownFileType = text.plist.xml; path = Info.plist; sourceTree = "<group>"; };
		6587F5D025359FFE00F9E6F1 /* UserTableViewCell.swift */ = {isa = PBXFileReference; lastKnownFileType = sourcecode.swift; path = UserTableViewCell.swift; sourceTree = "<group>"; };
		6587F5D92535ACF300F9E6F1 /* UIImageView.swift */ = {isa = PBXFileReference; lastKnownFileType = sourcecode.swift; path = UIImageView.swift; sourceTree = "<group>"; };
		65DFD994253717CA00791F34 /* SafariServices.framework */ = {isa = PBXFileReference; lastKnownFileType = wrapper.framework; name = SafariServices.framework; path = System/Library/Frameworks/SafariServices.framework; sourceTree = SDKROOT; };
		961C593D937DFAD94C35B063 /* Pods_githubApi.framework */ = {isa = PBXFileReference; explicitFileType = wrapper.framework; includeInIndex = 0; path = Pods_githubApi.framework; sourceTree = BUILT_PRODUCTS_DIR; };
		A578075C81426D0248445919 /* Pods-githubApi.release.xcconfig */ = {isa = PBXFileReference; includeInIndex = 1; lastKnownFileType = text.xcconfig; name = "Pods-githubApi.release.xcconfig"; path = "Target Support Files/Pods-githubApi/Pods-githubApi.release.xcconfig"; sourceTree = "<group>"; };
		E9876E10D118E1726B36C331 /* Pods-githubApi.debug.xcconfig */ = {isa = PBXFileReference; includeInIndex = 1; lastKnownFileType = text.xcconfig; name = "Pods-githubApi.debug.xcconfig"; path = "Target Support Files/Pods-githubApi/Pods-githubApi.debug.xcconfig"; sourceTree = "<group>"; };
/* End PBXFileReference section */

/* Begin PBXFrameworksBuildPhase section */
		6587F5B22535895200F9E6F1 /* Frameworks */ = {
			isa = PBXFrameworksBuildPhase;
			buildActionMask = 2147483647;
			files = (
				6587F5D32535AC0D00F9E6F1 /* Pods_githubApi.framework in Frameworks */,
			);
			runOnlyForDeploymentPostprocessing = 0;
		};
/* End PBXFrameworksBuildPhase section */

/* Begin PBXGroup section */
		08613507D130579E20BF54DB /* Pods */ = {
			isa = PBXGroup;
			children = (
				E9876E10D118E1726B36C331 /* Pods-githubApi.debug.xcconfig */,
				A578075C81426D0248445919 /* Pods-githubApi.release.xcconfig */,
			);
			path = Pods;
			sourceTree = "<group>";
		};
		653F5AB2253998050028E8BC /* realm */ = {
			isa = PBXGroup;
			children = (
				653F5AB32539984F0028E8BC /* UserGitHub.swift */,
			);
			path = realm;
			sourceTree = "<group>";
		};
		6587F5AC2535895200F9E6F1 = {
			isa = PBXGroup;
			children = (
				6587F5B72535895200F9E6F1 /* githubApi */,
				6587F5B62535895200F9E6F1 /* Products */,
				08613507D130579E20BF54DB /* Pods */,
				9A2A8F41A0B0D4F95889E45C /* Frameworks */,
			);
			sourceTree = "<group>";
		};
		6587F5B62535895200F9E6F1 /* Products */ = {
			isa = PBXGroup;
			children = (
				6587F5B52535895200F9E6F1 /* githubApi.app */,
			);
			name = Products;
			sourceTree = "<group>";
		};
		6587F5B72535895200F9E6F1 /* githubApi */ = {
			isa = PBXGroup;
			children = (
				653F5AB2253998050028E8BC /* realm */,
				6587F5D82535ACDE00F9E6F1 /* extension */,
				6587F5B82535895200F9E6F1 /* AppDelegate.swift */,
				6587F5BA2535895200F9E6F1 /* SceneDelegate.swift */,
				6587F5BC2535895200F9E6F1 /* ViewController.swift */,
				6587F5BE2535895200F9E6F1 /* Main.storyboard */,
				6587F5C12535895400F9E6F1 /* Assets.xcassets */,
				6587F5C32535895400F9E6F1 /* LaunchScreen.storyboard */,
				6587F5C62535895400F9E6F1 /* Info.plist */,
				6587F5D025359FFE00F9E6F1 /* UserTableViewCell.swift */,
			);
			path = githubApi;
			sourceTree = "<group>";
		};
		6587F5D82535ACDE00F9E6F1 /* extension */ = {
			isa = PBXGroup;
			children = (
				6587F5D92535ACF300F9E6F1 /* UIImageView.swift */,
			);
			path = extension;
			sourceTree = "<group>";
		};
		9A2A8F41A0B0D4F95889E45C /* Frameworks */ = {
			isa = PBXGroup;
			children = (
				65DFD994253717CA00791F34 /* SafariServices.framework */,
				961C593D937DFAD94C35B063 /* Pods_githubApi.framework */,
			);
			name = Frameworks;
			sourceTree = "<group>";
		};
/* End PBXGroup section */

/* Begin PBXNativeTarget section */
		6587F5B42535895200F9E6F1 /* githubApi */ = {
			isa = PBXNativeTarget;
			buildConfigurationList = 6587F5C92535895400F9E6F1 /* Build configuration list for PBXNativeTarget "githubApi" */;
			buildPhases = (
				990EF2BF95941A19AE24686C /* [CP] Check Pods Manifest.lock */,
				6587F5B12535895200F9E6F1 /* Sources */,
				6587F5B22535895200F9E6F1 /* Frameworks */,
				6587F5B32535895200F9E6F1 /* Resources */,
				687A126099D1A4937B28C679 /* [CP] Embed Pods Frameworks */,
			);
			buildRules = (
			);
			dependencies = (
			);
			name = githubApi;
			productName = githubApi;
			productReference = 6587F5B52535895200F9E6F1 /* githubApi.app */;
			productType = "com.apple.product-type.application";
		};
/* End PBXNativeTarget section */

/* Begin PBXProject section */
		6587F5AD2535895200F9E6F1 /* Project object */ = {
			isa = PBXProject;
			attributes = {
				LastSwiftUpdateCheck = 1200;
				LastUpgradeCheck = 1200;
				TargetAttributes = {
					6587F5B42535895200F9E6F1 = {
						CreatedOnToolsVersion = 12.0.1;
					};
				};
			};
			buildConfigurationList = 6587F5B02535895200F9E6F1 /* Build configuration list for PBXProject "githubApi" */;
			compatibilityVersion = "Xcode 9.3";
			developmentRegion = en;
			hasScannedForEncodings = 0;
			knownRegions = (
				en,
				Base,
			);
			mainGroup = 6587F5AC2535895200F9E6F1;
			productRefGroup = 6587F5B62535895200F9E6F1 /* Products */;
			projectDirPath = "";
			projectRoot = "";
			targets = (
				6587F5B42535895200F9E6F1 /* githubApi */,
			);
		};
/* End PBXProject section */

/* Begin PBXResourcesBuildPhase section */
		6587F5B32535895200F9E6F1 /* Resources */ = {
			isa = PBXResourcesBuildPhase;
			buildActionMask = 2147483647;
			files = (
				6587F5C52535895400F9E6F1 /* LaunchScreen.storyboard in Resources */,
				6587F5C22535895400F9E6F1 /* Assets.xcassets in Resources */,
				6587F5C02535895200F9E6F1 /* Main.storyboard in Resources */,
			);
			runOnlyForDeploymentPostprocessing = 0;
		};
/* End PBXResourcesBuildPhase section */

/* Begin PBXShellScriptBuildPhase section */
		687A126099D1A4937B28C679 /* [CP] Embed Pods Frameworks */ = {
			isa = PBXShellScriptBuildPhase;
			buildActionMask = 2147483647;
			files = (
			);
			inputFileListPaths = (
				"${PODS_ROOT}/Target Support Files/Pods-githubApi/Pods-githubApi-frameworks-${CONFIGURATION}-input-files.xcfilelist",
			);
			name = "[CP] Embed Pods Frameworks";
			outputFileListPaths = (
				"${PODS_ROOT}/Target Support Files/Pods-githubApi/Pods-githubApi-frameworks-${CONFIGURATION}-output-files.xcfilelist",
			);
			runOnlyForDeploymentPostprocessing = 0;
			shellPath = /bin/sh;
			shellScript = "\"${PODS_ROOT}/Target Support Files/Pods-githubApi/Pods-githubApi-frameworks.sh\"\n";
			showEnvVarsInLog = 0;
		};
		990EF2BF95941A19AE24686C /* [CP] Check Pods Manifest.lock */ = {
			isa = PBXShellScriptBuildPhase;
			buildActionMask = 2147483647;
			files = (
			);
			inputFileListPaths = (
			);
			inputPaths = (
				"${PODS_PODFILE_DIR_PATH}/Podfile.lock",
				"${PODS_ROOT}/Manifest.lock",
			);
			name = "[CP] Check Pods Manifest.lock";
			outputFileListPaths = (
			);
			outputPaths = (
				"$(DERIVED_FILE_DIR)/Pods-githubApi-checkManifestLockResult.txt",
			);
			runOnlyForDeploymentPostprocessing = 0;
			shellPath = /bin/sh;
			shellScript = "diff \"${PODS_PODFILE_DIR_PATH}/Podfile.lock\" \"${PODS_ROOT}/Manifest.lock\" > /dev/null\nif [ $? != 0 ] ; then\n    # print error to STDERR\n    echo \"error: The sandbox is not in sync with the Podfile.lock. Run 'pod install' or update your CocoaPods installation.\" >&2\n    exit 1\nfi\n# This output is used by Xcode 'outputs' to avoid re-running this script phase.\necho \"SUCCESS\" > \"${SCRIPT_OUTPUT_FILE_0}\"\n";
			showEnvVarsInLog = 0;
		};
/* End PBXShellScriptBuildPhase section */

/* Begin PBXSourcesBuildPhase section */
		6587F5B12535895200F9E6F1 /* Sources */ = {
			isa = PBXSourcesBuildPhase;
			buildActionMask = 2147483647;
			files = (
				6587F5D125359FFE00F9E6F1 /* UserTableViewCell.swift in Sources */,
				653F5AB42539984F0028E8BC /* UserGitHub.swift in Sources */,
				6587F5DA2535ACF300F9E6F1 /* UIImageView.swift in Sources */,
				6587F5BD2535895200F9E6F1 /* ViewController.swift in Sources */,
				6587F5B92535895200F9E6F1 /* AppDelegate.swift in Sources */,
				6587F5BB2535895200F9E6F1 /* SceneDelegate.swift in Sources */,
			);
			runOnlyForDeploymentPostprocessing = 0;
		};
/* End PBXSourcesBuildPhase section */

/* Begin PBXVariantGroup section */
		6587F5BE2535895200F9E6F1 /* Main.storyboard */ = {
			isa = PBXVariantGroup;
			children = (
				6587F5BF2535895200F9E6F1 /* Base */,
			);
			name = Main.storyboard;
			sourceTree = "<group>";
		};
		6587F5C32535895400F9E6F1 /* LaunchScreen.storyboard */ = {
			isa = PBXVariantGroup;
			children = (
				6587F5C42535895400F9E6F1 /* Base */,
			);
			name = LaunchScreen.storyboard;
			sourceTree = "<group>";
		};
/* End PBXVariantGroup section */

/* Begin XCBuildConfiguration section */
		6587F5C72535895400F9E6F1 /* Debug */ = {
			isa = XCBuildConfiguration;
			buildSettings = {
				ALWAYS_SEARCH_USER_PATHS = NO;
				CLANG_ANALYZER_NONNULL = YES;
				CLANG_ANALYZER_NUMBER_OBJECT_CONVERSION = YES_AGGRESSIVE;
				CLANG_CXX_LANGUAGE_STANDARD = "gnu++14";
				CLANG_CXX_LIBRARY = "libc++";
				CLANG_ENABLE_MODULES = YES;
				CLANG_ENABLE_OBJC_ARC = YES;
				CLANG_ENABLE_OBJC_WEAK = YES;
				CLANG_WARN_BLOCK_CAPTURE_AUTORELEASING = YES;
				CLANG_WARN_BOOL_CONVERSION = YES;
				CLANG_WARN_COMMA = YES;
				CLANG_WARN_CONSTANT_CONVERSION = YES;
				CLANG_WARN_DEPRECATED_OBJC_IMPLEMENTATIONS = YES;
				CLANG_WARN_DIRECT_OBJC_ISA_USAGE = YES_ERROR;
				CLANG_WARN_DOCUMENTATION_COMMENTS = YES;
				CLANG_WARN_EMPTY_BODY = YES;
				CLANG_WARN_ENUM_CONVERSION = YES;
				CLANG_WARN_INFINITE_RECURSION = YES;
				CLANG_WARN_INT_CONVERSION = YES;
				CLANG_WARN_NON_LITERAL_NULL_CONVERSION = YES;
				CLANG_WARN_OBJC_IMPLICIT_RETAIN_SELF = YES;
				CLANG_WARN_OBJC_LITERAL_CONVERSION = YES;
				CLANG_WARN_OBJC_ROOT_CLASS = YES_ERROR;
				CLANG_WARN_QUOTED_INCLUDE_IN_FRAMEWORK_HEADER = YES;
				CLANG_WARN_RANGE_LOOP_ANALYSIS = YES;
				CLANG_WARN_STRICT_PROTOTYPES = YES;
				CLANG_WARN_SUSPICIOUS_MOVE = YES;
				CLANG_WARN_UNGUARDED_AVAILABILITY = YES_AGGRESSIVE;
				CLANG_WARN_UNREACHABLE_CODE = YES;
				CLANG_WARN__DUPLICATE_METHOD_MATCH = YES;
				COPY_PHASE_STRIP = NO;
				DEBUG_INFORMATION_FORMAT = dwarf;
				ENABLE_STRICT_OBJC_MSGSEND = YES;
				ENABLE_TESTABILITY = YES;
				GCC_C_LANGUAGE_STANDARD = gnu11;
				GCC_DYNAMIC_NO_PIC = NO;
				GCC_NO_COMMON_BLOCKS = YES;
				GCC_OPTIMIZATION_LEVEL = 0;
				GCC_PREPROCESSOR_DEFINITIONS = (
					"DEBUG=1",
					"$(inherited)",
				);
				GCC_WARN_64_TO_32_BIT_CONVERSION = YES;
				GCC_WARN_ABOUT_RETURN_TYPE = YES_ERROR;
				GCC_WARN_UNDECLARED_SELECTOR = YES;
				GCC_WARN_UNINITIALIZED_AUTOS = YES_AGGRESSIVE;
				GCC_WARN_UNUSED_FUNCTION = YES;
				GCC_WARN_UNUSED_VARIABLE = YES;
				IPHONEOS_DEPLOYMENT_TARGET = 14.0;
				MTL_ENABLE_DEBUG_INFO = INCLUDE_SOURCE;
				MTL_FAST_MATH = YES;
				ONLY_ACTIVE_ARCH = YES;
				SDKROOT = iphoneos;
				SWIFT_ACTIVE_COMPILATION_CONDITIONS = DEBUG;
				SWIFT_OPTIMIZATION_LEVEL = "-Onone";
			};
			name = Debug;
		};
		6587F5C82535895400F9E6F1 /* Release */ = {
			isa = XCBuildConfiguration;
			buildSettings = {
				ALWAYS_SEARCH_USER_PATHS = NO;
				CLANG_ANALYZER_NONNULL = YES;
				CLANG_ANALYZER_NUMBER_OBJECT_CONVERSION = YES_AGGRESSIVE;
				CLANG_CXX_LANGUAGE_STANDARD = "gnu++14";
				CLANG_CXX_LIBRARY = "libc++";
				CLANG_ENABLE_MODULES = YES;
				CLANG_ENABLE_OBJC_ARC = YES;
				CLANG_ENABLE_OBJC_WEAK = YES;
				CLANG_WARN_BLOCK_CAPTURE_AUTORELEASING = YES;
				CLANG_WARN_BOOL_CONVERSION = YES;
				CLANG_WARN_COMMA = YES;
				CLANG_WARN_CONSTANT_CONVERSION = YES;
				CLANG_WARN_DEPRECATED_OBJC_IMPLEMENTATIONS = YES;
				CLANG_WARN_DIRECT_OBJC_ISA_USAGE = YES_ERROR;
				CLANG_WARN_DOCUMENTATION_COMMENTS = YES;
				CLANG_WARN_EMPTY_BODY = YES;
				CLANG_WARN_ENUM_CONVERSION = YES;
				CLANG_WARN_INFINITE_RECURSION = YES;
				CLANG_WARN_INT_CONVERSION = YES;
				CLANG_WARN_NON_LITERAL_NULL_CONVERSION = YES;
				CLANG_WARN_OBJC_IMPLICIT_RETAIN_SELF = YES;
				CLANG_WARN_OBJC_LITERAL_CONVERSION = YES;
				CLANG_WARN_OBJC_ROOT_CLASS = YES_ERROR;
				CLANG_WARN_QUOTED_INCLUDE_IN_FRAMEWORK_HEADER = YES;
				CLANG_WARN_RANGE_LOOP_ANALYSIS = YES;
				CLANG_WARN_STRICT_PROTOTYPES = YES;
				CLANG_WARN_SUSPICIOUS_MOVE = YES;
				CLANG_WARN_UNGUARDED_AVAILABILITY = YES_AGGRESSIVE;
				CLANG_WARN_UNREACHABLE_CODE = YES;
				CLANG_WARN__DUPLICATE_METHOD_MATCH = YES;
				COPY_PHASE_STRIP = NO;
				DEBUG_INFORMATION_FORMAT = "dwarf-with-dsym";
				ENABLE_NS_ASSERTIONS = NO;
				ENABLE_STRICT_OBJC_MSGSEND = YES;
				GCC_C_LANGUAGE_STANDARD = gnu11;
				GCC_NO_COMMON_BLOCKS = YES;
				GCC_WARN_64_TO_32_BIT_CONVERSION = YES;
				GCC_WARN_ABOUT_RETURN_TYPE = YES_ERROR;
				GCC_WARN_UNDECLARED_SELECTOR = YES;
				GCC_WARN_UNINITIALIZED_AUTOS = YES_AGGRESSIVE;
				GCC_WARN_UNUSED_FUNCTION = YES;
				GCC_WARN_UNUSED_VARIABLE = YES;
				IPHONEOS_DEPLOYMENT_TARGET = 14.0;
				MTL_ENABLE_DEBUG_INFO = NO;
				MTL_FAST_MATH = YES;
				SDKROOT = iphoneos;
				SWIFT_COMPILATION_MODE = wholemodule;
				SWIFT_OPTIMIZATION_LEVEL = "-O";
				VALIDATE_PRODUCT = YES;
			};
			name = Release;
		};
		6587F5CA2535895400F9E6F1 /* Debug */ = {
			isa = XCBuildConfiguration;
			baseConfigurationReference = E9876E10D118E1726B36C331 /* Pods-githubApi.debug.xcconfig */;
			buildSettings = {
				ASSETCATALOG_COMPILER_APPICON_NAME = AppIcon;
				ASSETCATALOG_COMPILER_GLOBAL_ACCENT_COLOR_NAME = AccentColor;
				CODE_SIGN_STYLE = Automatic;
				DEVELOPMENT_TEAM = 9UVAYZ8Z2W;
				INFOPLIST_FILE = githubApi/Info.plist;
				LD_RUNPATH_SEARCH_PATHS = (
					"$(inherited)",
					"@executable_path/Frameworks",
				);
				PRODUCT_BUNDLE_IDENTIFIER = com.andre.githuapi;
				PRODUCT_NAME = "$(TARGET_NAME)";
				SWIFT_VERSION = 5.0;
				TARGETED_DEVICE_FAMILY = "1,2";
			};
			name = Debug;
		};
		6587F5CB2535895400F9E6F1 /* Release */ = {
			isa = XCBuildConfiguration;
			baseConfigurationReference = A578075C81426D0248445919 /* Pods-githubApi.release.xcconfig */;
			buildSettings = {
				ASSETCATALOG_COMPILER_APPICON_NAME = AppIcon;
				ASSETCATALOG_COMPILER_GLOBAL_ACCENT_COLOR_NAME = AccentColor;
				CODE_SIGN_STYLE = Automatic;
				DEVELOPMENT_TEAM = 9UVAYZ8Z2W;
				INFOPLIST_FILE = githubApi/Info.plist;
				LD_RUNPATH_SEARCH_PATHS = (
					"$(inherited)",
					"@executable_path/Frameworks",
				);
				PRODUCT_BUNDLE_IDENTIFIER = com.andre.githuapi;
				PRODUCT_NAME = "$(TARGET_NAME)";
				SWIFT_VERSION = 5.0;
				TARGETED_DEVICE_FAMILY = "1,2";
			};
			name = Release;
		};
/* End XCBuildConfiguration section */

/* Begin XCConfigurationList section */
		6587F5B02535895200F9E6F1 /* Build configuration list for PBXProject "githubApi" */ = {
			isa = XCConfigurationList;
			buildConfigurations = (
				6587F5C72535895400F9E6F1 /* Debug */,
				6587F5C82535895400F9E6F1 /* Release */,
			);
			defaultConfigurationIsVisible = 0;
			defaultConfigurationName = Release;
		};
		6587F5C92535895400F9E6F1 /* Build configuration list for PBXNativeTarget "githubApi" */ = {
			isa = XCConfigurationList;
			buildConfigurations = (
				6587F5CA2535895400F9E6F1 /* Debug */,
				6587F5CB2535895400F9E6F1 /* Release */,
			);
			defaultConfigurationIsVisible = 0;
			defaultConfigurationName = Release;
		};
/* End XCConfigurationList section */
	};
	rootObject = 6587F5AD2535895200F9E6F1 /* Project object */;
}
